
Microsoft Visual Studio Solution File, Format Version 12.00
# Visual Studio Version 17
VisualStudioVersion = 17.10.35122.118
MinimumVisualStudioVersion = 10.0.40219.1
Project("{FAE04EC0-301F-11D3-BF4B-00C04F79EFBC}") = "NMU BookTrade", "NMU BookTrade.csproj", "{52228832-AB46-4982-A3E2-07EF9E19A6BC}"
EndProject
Global
	GlobalSection(SolutionConfigurationPlatforms) = preSolution
		Debug|Any CPU = Debug|Any CPU
		Release|Any CPU = Release|Any CPU
	EndGlobalSection
	GlobalSection(ProjectConfigurationPlatforms) = postSolution
		{52228832-AB46-4982-A3E2-07EF9E19A6BC}.Debug|Any CPU.ActiveCfg = Debug|Any CPU
		{52228832-AB46-4982-A3E2-07EF9E19A6BC}.Debug|Any CPU.Build.0 = Debug|Any CPU
		{52228832-AB46-4982-A3E2-07EF9E19A6BC}.Release|Any CPU.ActiveCfg = Release|Any CPU
		{52228832-AB46-4982-A3E2-07EF9E19A6BC}.Release|Any CPU.Build.0 = Release|Any CPU
	EndGlobalSection
	GlobalSection(SolutionProperties) = preSolution
		HideSolutionNode = FALSE
	EndGlobalSection
	GlobalSection(ExtensibilityGlobals) = postSolution
		SolutionGuid = {7C5509C7-0ED9-4366-8962-60A6F87051B2}
	EndGlobalSection
EndGlobal
